{
  "version": 1,
  "dependencies": {
    "net7.0": {
      "Riok.Mapperly": {
        "type": "Direct",
        "requested": "[3.2.0, )",
        "resolved": "3.2.0",
        "contentHash": "EChq4G7PmEXhaPH4Ztw/CiHQ9iVg30Ir58vTA2MgGLsI+ciza5H4boLNK+mk+ik3eStwuA+ZeAxb4mhXVeDgFQ=="
      },
      "IdGen": {
        "type": "Transitive",
        "resolved": "3.0.3",
        "contentHash": "gS1rrJlmmaMiWcwEB8xq9X4driH2ojNMnU++PzTCq+FGlGxOWtCZDvQCPC1qtfY2/zQOcMgOW4dXposk9kMonw=="
      },
      "customermodule.public": {
        "type": "Project"
      },
      "shared.core": {
        "type": "Project",
        "dependencies": {
          "IdGen": "[3.0.3, )"
        }
      }
    }
  }
}