{
  "version": 1,
  "dependencies": {
    "net7.0": {
      "Microsoft.EntityFrameworkCore": {
        "type": "Direct",
        "requested": "[7.0.11, )",
        "resolved": "7.0.11",
        "contentHash": "r7YGITjQ7v1hYtUXIavjSx+T1itKVPUFAIBN7HaKNjbR8x+gep8w9H3NEchglJOh1woZR4b2MhbSo2YFRZwZDg==",
        "dependencies": {
          "Microsoft.EntityFrameworkCore.Abstractions": "7.0.11",
          "Microsoft.EntityFrameworkCore.Analyzers": "7.0.11",
          "Microsoft.Extensions.Caching.Memory": "7.0.0",
          "Microsoft.Extensions.DependencyInjection": "7.0.0",
          "Microsoft.Extensions.Logging": "7.0.0"
        }
      },
      "FluentValidation": {
        "type": "Transitive",
        "resolved": "11.7.1",
        "contentHash": "w9Al4gls6iVGFbTd/NPOPlwzqDTghH+ntL4c4FYUatc+LeybpIwhYArLykZJP/VjF2n3ihj3ws+1yd7KR5lQlg=="
      },
      "FluentValidation.DependencyInjectionExtensions": {
        "type": "Transitive",
        "resolved": "11.7.1",
        "contentHash": "q3R6mJ0SzWvHJkJ/9d4FAZeuhJp6Cv8WpQItRWyN0v5qxKtwZt6Ol/8HNv8THDOrywTdsNUVKpgDJalVY7hUdw==",
        "dependencies": {
          "FluentValidation": "11.7.1",
          "Microsoft.Extensions.Dependencyinjection.Abstractions": "2.1.0"
        }
      },
      "IdGen": {
        "type": "Transitive",
        "resolved": "3.0.3",
        "contentHash": "gS1rrJlmmaMiWcwEB8xq9X4driH2ojNMnU++PzTCq+FGlGxOWtCZDvQCPC1qtfY2/zQOcMgOW4dXposk9kMonw=="
      },
      "MediatR": {
        "type": "Transitive",
        "resolved": "12.1.1",
        "contentHash": "1AbwzzeS6gn4NdcO6A9LfKS5TXXgAiUQM3J18dREHa7O7TrdCXJ5dNFeRBpzPZY7UWl5Kby+n9pWrPJe3SDiMA==",
        "dependencies": {
          "MediatR.Contracts": "[2.0.1, 3.0.0)",
          "Microsoft.Extensions.DependencyInjection.Abstractions": "6.0.0"
        }
      },
      "MediatR.Contracts": {
        "type": "Transitive",
        "resolved": "2.0.1",
        "contentHash": "FYv95bNT4UwcNA+G/J1oX5OpRiSUxteXaUt2BJbRSdRNiIUNbggJF69wy6mnk2wYToaanpdXZdCwVylt96MpwQ=="
      },
      "Microsoft.EntityFrameworkCore.Abstractions": {
        "type": "Transitive",
        "resolved": "7.0.11",
        "contentHash": "IoOnhycZ0/VtLowf0HgB0cujxwksokzkS3/5108AHOcbntHUTqwxtCjG4E4FCly/45G+mxb+4PxBdFZhA49lwQ=="
      },
      "Microsoft.EntityFrameworkCore.Analyzers": {
        "type": "Transitive",
        "resolved": "7.0.11",
        "contentHash": "Qexum5safSSfijx6P1QSq5bVJPPTM/uf7lQmpL/shkiozEC/0FzqNaVUfFpbNN8zsO1jMFYbeDMF4cxJMlTT9w=="
      },
      "Microsoft.Extensions.Caching.Abstractions": {
        "type": "Transitive",
        "resolved": "7.0.0",
        "contentHash": "IeimUd0TNbhB4ded3AbgBLQv2SnsiVugDyGV1MvspQFVlA07nDC7Zul7kcwH5jWN3JiTcp/ySE83AIJo8yfKjg==",
        "dependencies": {
          "Microsoft.Extensions.Primitives": "7.0.0"
        }
      },
      "Microsoft.Extensions.Caching.Memory": {
        "type": "Transitive",
        "resolved": "7.0.0",
        "contentHash": "xpidBs2KCE2gw1JrD0quHE72kvCaI3xFql5/Peb2GRtUuZX+dYPoK/NTdVMiM67Svym0M0Df9A3xyU0FbMQhHw==",
        "dependencies": {
          "Microsoft.Extensions.Caching.Abstractions": "7.0.0",
          "Microsoft.Extensions.DependencyInjection.Abstractions": "7.0.0",
          "Microsoft.Extensions.Logging.Abstractions": "7.0.0",
          "Microsoft.Extensions.Options": "7.0.0",
          "Microsoft.Extensions.Primitives": "7.0.0"
        }
      },
      "Microsoft.Extensions.DependencyInjection": {
        "type": "Transitive",
        "resolved": "7.0.0",
        "contentHash": "elNeOmkeX3eDVG6pYVeV82p29hr+UKDaBhrZyWvWLw/EVZSYEkZlQdkp0V39k/Xehs2Qa0mvoCvkVj3eQxNQ1Q==",
        "dependencies": {
          "Microsoft.Extensions.DependencyInjection.Abstractions": "7.0.0"
        }
      },
      "Microsoft.Extensions.DependencyInjection.Abstractions": {
        "type": "Transitive",
        "resolved": "7.0.0",
        "contentHash": "h3j/QfmFN4S0w4C2A6X7arXij/M/OVw3uQHSOFxnND4DyAzO1F9eMX7Eti7lU/OkSthEE0WzRsfT/Dmx86jzCw=="
      },
      "Microsoft.Extensions.Logging": {
        "type": "Transitive",
        "resolved": "7.0.0",
        "contentHash": "Nw2muoNrOG5U5qa2ZekXwudUn2BJcD41e65zwmDHb1fQegTX66UokLWZkJRpqSSHXDOWZ5V0iqhbxOEky91atA==",
        "dependencies": {
          "Microsoft.Extensions.DependencyInjection": "7.0.0",
          "Microsoft.Extensions.DependencyInjection.Abstractions": "7.0.0",
          "Microsoft.Extensions.Logging.Abstractions": "7.0.0",
          "Microsoft.Extensions.Options": "7.0.0"
        }
      },
      "Microsoft.Extensions.Logging.Abstractions": {
        "type": "Transitive",
        "resolved": "7.0.0",
        "contentHash": "kmn78+LPVMOWeITUjIlfxUPDsI0R6G0RkeAMBmQxAJ7vBJn4q2dTva7pWi65ceN5vPGjJ9q/Uae2WKgvfktJAw=="
      },
      "Microsoft.Extensions.Options": {
        "type": "Transitive",
        "resolved": "7.0.0",
        "contentHash": "lP1yBnTTU42cKpMozuafbvNtQ7QcBjr/CcK3bYOGEMH55Fjt+iecXjT6chR7vbgCMqy3PG3aNQSZgo/EuY/9qQ==",
        "dependencies": {
          "Microsoft.Extensions.DependencyInjection.Abstractions": "7.0.0",
          "Microsoft.Extensions.Primitives": "7.0.0"
        }
      },
      "Microsoft.Extensions.Primitives": {
        "type": "Transitive",
        "resolved": "7.0.0",
        "contentHash": "um1KU5kxcRp3CNuI8o/GrZtD4AIOXDk+RLsytjZ9QPok3ttLUelLKpilVPuaFT3TFjOhSibUAso0odbOaCDj3Q=="
      },
      "Riok.Mapperly": {
        "type": "Transitive",
        "resolved": "3.2.0",
        "contentHash": "EChq4G7PmEXhaPH4Ztw/CiHQ9iVg30Ir58vTA2MgGLsI+ciza5H4boLNK+mk+ik3eStwuA+ZeAxb4mhXVeDgFQ=="
      },
      "customermodule.application": {
        "type": "Project",
        "dependencies": {
          "CustomerModule.Core": "[1.0.0, )",
          "CustomerModule.Public": "[1.0.0, )",
          "Shared.Core": "[1.0.0, )",
          "Shared.FluentValidation": "[1.0.0, )"
        }
      },
      "customermodule.core": {
        "type": "Project",
        "dependencies": {
          "CustomerModule.Public": "[1.0.0, )",
          "Riok.Mapperly": "[3.2.0, )",
          "Shared.Core": "[1.0.0, )"
        }
      },
      "customermodule.public": {
        "type": "Project"
      },
      "shared.core": {
        "type": "Project",
        "dependencies": {
          "IdGen": "[3.0.3, )"
        }
      },
      "shared.fluentvalidation": {
        "type": "Project",
        "dependencies": {
          "FluentValidation": "[11.7.1, )",
          "FluentValidation.DependencyInjectionExtensions": "[11.7.1, )",
          "MediatR": "[12.1.1, )",
          "Microsoft.EntityFrameworkCore": "[7.0.11, )",
          "Shared.Core": "[1.0.0, )"
        }
      },
      "shared.infrastructure": {
        "type": "Project",
        "dependencies": {
          "Microsoft.EntityFrameworkCore": "[7.0.11, )",
          "Shared.Core": "[1.0.0, )"
        }
      }
    }
  }
}